// !$*UTF8*$!
{
	archiveVersion = 1;
	classes = {
	};
	objectVersion = 50;
	objects = {

/* Begin PBXBuildFile section */
		61CA8A2660EE8B8774986B23 /* Pods_apollo_testUITests.framework in Frameworks */ = {isa = PBXBuildFile; fileRef = CD7AEF9DE2B59D2A2E3884FF /* Pods_apollo_testUITests.framework */; };
		793612A31A28740962065814 /* Pods_apollo_testTests.framework in Frameworks */ = {isa = PBXBuildFile; fileRef = 261F030BE3CDFD39C823CAA3 /* Pods_apollo_testTests.framework */; };
		ACB429F4215CBBE30051D19E /* AppDelegate.swift in Sources */ = {isa = PBXBuildFile; fileRef = ACB429F3215CBBE30051D19E /* AppDelegate.swift */; };
		ACB429F6215CBBE30051D19E /* ViewController.swift in Sources */ = {isa = PBXBuildFile; fileRef = ACB429F5215CBBE30051D19E /* ViewController.swift */; };
		ACB429F9215CBBE30051D19E /* Main.storyboard in Resources */ = {isa = PBXBuildFile; fileRef = ACB429F7215CBBE30051D19E /* Main.storyboard */; };
		ACB429FB215CBBE40051D19E /* Assets.xcassets in Resources */ = {isa = PBXBuildFile; fileRef = ACB429FA215CBBE40051D19E /* Assets.xcassets */; };
		ACB429FE215CBBE40051D19E /* LaunchScreen.storyboard in Resources */ = {isa = PBXBuildFile; fileRef = ACB429FC215CBBE40051D19E /* LaunchScreen.storyboard */; };
		ACB42A09215CBBE40051D19E /* apollo_testTests.swift in Sources */ = {isa = PBXBuildFile; fileRef = ACB42A08215CBBE40051D19E /* apollo_testTests.swift */; };
		ACB42A14215CBBE40051D19E /* apollo_testUITests.swift in Sources */ = {isa = PBXBuildFile; fileRef = ACB42A13215CBBE40051D19E /* apollo_testUITests.swift */; };
		ACB42A24215CBF7E0051D19E /* API.swift in Sources */ = {isa = PBXBuildFile; fileRef = ACB42A23215CBF7E0051D19E /* API.swift */; };
		ACB42A2A215CC8650051D19E /* schema.json in Resources */ = {isa = PBXBuildFile; fileRef = ACB42A29215CC8650051D19E /* schema.json */; };
		ACB42A2C215CCA4F0051D19E /* ViewController.graphql in Resources */ = {isa = PBXBuildFile; fileRef = ACB42A2B215CCA4F0051D19E /* ViewController.graphql */; };
		FF0A48A0BBD5623AFADB8BF5 /* Pods_apollo_test.framework in Frameworks */ = {isa = PBXBuildFile; fileRef = CED0B2F96BC9FD6B264B037E /* Pods_apollo_test.framework */; };
/* End PBXBuildFile section */

/* Begin PBXContainerItemProxy section */
		ACB42A05215CBBE40051D19E /* PBXContainerItemProxy */ = {
			isa = PBXContainerItemProxy;
			containerPortal = ACB429E8215CBBE30051D19E /* Project object */;
			proxyType = 1;
			remoteGlobalIDString = ACB429EF215CBBE30051D19E;
			remoteInfo = "apollo-test";
		};
		ACB42A10215CBBE40051D19E /* PBXContainerItemProxy */ = {
			isa = PBXContainerItemProxy;
			containerPortal = ACB429E8215CBBE30051D19E /* Project object */;
			proxyType = 1;
			remoteGlobalIDString = ACB429EF215CBBE30051D19E;
			remoteInfo = "apollo-test";
		};
/* End PBXContainerItemProxy section */

/* Begin PBXFileReference section */
		0E670D9C8D92DD6EEF5C3312 /* Pods-apollo-testTests.release.xcconfig */ = {isa = PBXFileReference; includeInIndex = 1; lastKnownFileType = text.xcconfig; name = "Pods-apollo-testTests.release.xcconfig"; path = "Pods/Target Support Files/Pods-apollo-testTests/Pods-apollo-testTests.release.xcconfig"; sourceTree = "<group>"; };
		261F030BE3CDFD39C823CAA3 /* Pods_apollo_testTests.framework */ = {isa = PBXFileReference; explicitFileType = wrapper.framework; includeInIndex = 0; path = Pods_apollo_testTests.framework; sourceTree = BUILT_PRODUCTS_DIR; };
		36BEADB55D1062E298E40FB4 /* Pods-apollo-test.debug.xcconfig */ = {isa = PBXFileReference; includeInIndex = 1; lastKnownFileType = text.xcconfig; name = "Pods-apollo-test.debug.xcconfig"; path = "Pods/Target Support Files/Pods-apollo-test/Pods-apollo-test.debug.xcconfig"; sourceTree = "<group>"; };
		56E31CFFB54B69DCB0C14110 /* Pods-apollo-testUITests.release.xcconfig */ = {isa = PBXFileReference; includeInIndex = 1; lastKnownFileType = text.xcconfig; name = "Pods-apollo-testUITests.release.xcconfig"; path = "Pods/Target Support Files/Pods-apollo-testUITests/Pods-apollo-testUITests.release.xcconfig"; sourceTree = "<group>"; };
		726802644CE24C9F15743243 /* Pods-apollo-test.release.xcconfig */ = {isa = PBXFileReference; includeInIndex = 1; lastKnownFileType = text.xcconfig; name = "Pods-apollo-test.release.xcconfig"; path = "Pods/Target Support Files/Pods-apollo-test/Pods-apollo-test.release.xcconfig"; sourceTree = "<group>"; };
		7F77D4B7F315A90073FA50D9 /* Pods-apollo-testTests.debug.xcconfig */ = {isa = PBXFileReference; includeInIndex = 1; lastKnownFileType = text.xcconfig; name = "Pods-apollo-testTests.debug.xcconfig"; path = "Pods/Target Support Files/Pods-apollo-testTests/Pods-apollo-testTests.debug.xcconfig"; sourceTree = "<group>"; };
		A796F0C5B227E0FCC361A392 /* Pods-apollo-testUITests.debug.xcconfig */ = {isa = PBXFileReference; includeInIndex = 1; lastKnownFileType = text.xcconfig; name = "Pods-apollo-testUITests.debug.xcconfig"; path = "Pods/Target Support Files/Pods-apollo-testUITests/Pods-apollo-testUITests.debug.xcconfig"; sourceTree = "<group>"; };
		ACB429F0215CBBE30051D19E /* apollo-test.app */ = {isa = PBXFileReference; explicitFileType = wrapper.application; includeInIndex = 0; path = "apollo-test.app"; sourceTree = BUILT_PRODUCTS_DIR; };
		ACB429F3215CBBE30051D19E /* AppDelegate.swift */ = {isa = PBXFileReference; lastKnownFileType = sourcecode.swift; path = AppDelegate.swift; sourceTree = "<group>"; };
		ACB429F5215CBBE30051D19E /* ViewController.swift */ = {isa = PBXFileReference; lastKnownFileType = sourcecode.swift; path = ViewController.swift; sourceTree = "<group>"; };
		ACB429F8215CBBE30051D19E /* Base */ = {isa = PBXFileReference; lastKnownFileType = file.storyboard; name = Base; path = Base.lproj/Main.storyboard; sourceTree = "<group>"; };
		ACB429FA215CBBE40051D19E /* Assets.xcassets */ = {isa = PBXFileReference; lastKnownFileType = folder.assetcatalog; path = Assets.xcassets; sourceTree = "<group>"; };
		ACB429FD215CBBE40051D19E /* Base */ = {isa = PBXFileReference; lastKnownFileType = file.storyboard; name = Base; path = Base.lproj/LaunchScreen.storyboard; sourceTree = "<group>"; };
		ACB429FF215CBBE40051D19E /* Info.plist */ = {isa = PBXFileReference; lastKnownFileType = text.plist.xml; path = Info.plist; sourceTree = "<group>"; };
		ACB42A04215CBBE40051D19E /* apollo-testTests.xctest */ = {isa = PBXFileReference; explicitFileType = wrapper.cfbundle; includeInIndex = 0; path = "apollo-testTests.xctest"; sourceTree = BUILT_PRODUCTS_DIR; };
		ACB42A08215CBBE40051D19E /* apollo_testTests.swift */ = {isa = PBXFileReference; lastKnownFileType = sourcecode.swift; path = apollo_testTests.swift; sourceTree = "<group>"; };
		ACB42A0A215CBBE40051D19E /* Info.plist */ = {isa = PBXFileReference; lastKnownFileType = text.plist.xml; path = Info.plist; sourceTree = "<group>"; };
		ACB42A0F215CBBE40051D19E /* apollo-testUITests.xctest */ = {isa = PBXFileReference; explicitFileType = wrapper.cfbundle; includeInIndex = 0; path = "apollo-testUITests.xctest"; sourceTree = BUILT_PRODUCTS_DIR; };
		ACB42A13215CBBE40051D19E /* apollo_testUITests.swift */ = {isa = PBXFileReference; lastKnownFileType = sourcecode.swift; path = apollo_testUITests.swift; sourceTree = "<group>"; };
		ACB42A15215CBBE40051D19E /* Info.plist */ = {isa = PBXFileReference; lastKnownFileType = text.plist.xml; path = Info.plist; sourceTree = "<group>"; };
		ACB42A23215CBF7E0051D19E /* API.swift */ = {isa = PBXFileReference; fileEncoding = 4; lastKnownFileType = sourcecode.swift; path = API.swift; sourceTree = "<group>"; };
		ACB42A29215CC8650051D19E /* schema.json */ = {isa = PBXFileReference; fileEncoding = 4; lastKnownFileType = text.json; path = schema.json; sourceTree = "<group>"; };
		ACB42A2B215CCA4F0051D19E /* ViewController.graphql */ = {isa = PBXFileReference; fileEncoding = 4; lastKnownFileType = text; path = ViewController.graphql; sourceTree = "<group>"; };
		CD7AEF9DE2B59D2A2E3884FF /* Pods_apollo_testUITests.framework */ = {isa = PBXFileReference; explicitFileType = wrapper.framework; includeInIndex = 0; path = Pods_apollo_testUITests.framework; sourceTree = BUILT_PRODUCTS_DIR; };
		CED0B2F96BC9FD6B264B037E /* Pods_apollo_test.framework */ = {isa = PBXFileReference; explicitFileType = wrapper.framework; includeInIndex = 0; path = Pods_apollo_test.framework; sourceTree = BUILT_PRODUCTS_DIR; };
/* End PBXFileReference section */

/* Begin PBXFrameworksBuildPhase section */
		ACB429ED215CBBE30051D19E /* Frameworks */ = {
			isa = PBXFrameworksBuildPhase;
			buildActionMask = 2147483647;
			files = (
				FF0A48A0BBD5623AFADB8BF5 /* Pods_apollo_test.framework in Frameworks */,
			);
			runOnlyForDeploymentPostprocessing = 0;
		};
		ACB42A01215CBBE40051D19E /* Frameworks */ = {
			isa = PBXFrameworksBuildPhase;
			buildActionMask = 2147483647;
			files = (
				793612A31A28740962065814 /* Pods_apollo_testTests.framework in Frameworks */,
			);
			runOnlyForDeploymentPostprocessing = 0;
		};
		ACB42A0C215CBBE40051D19E /* Frameworks */ = {
			isa = PBXFrameworksBuildPhase;
			buildActionMask = 2147483647;
			files = (
				61CA8A2660EE8B8774986B23 /* Pods_apollo_testUITests.framework in Frameworks */,
			);
			runOnlyForDeploymentPostprocessing = 0;
		};
/* End PBXFrameworksBuildPhase section */

/* Begin PBXGroup section */
		32E8FAB10D0D0ED3F66FB73C /* Pods */ = {
			isa = PBXGroup;
			children = (
				36BEADB55D1062E298E40FB4 /* Pods-apollo-test.debug.xcconfig */,
				726802644CE24C9F15743243 /* Pods-apollo-test.release.xcconfig */,
				7F77D4B7F315A90073FA50D9 /* Pods-apollo-testTests.debug.xcconfig */,
				0E670D9C8D92DD6EEF5C3312 /* Pods-apollo-testTests.release.xcconfig */,
				A796F0C5B227E0FCC361A392 /* Pods-apollo-testUITests.debug.xcconfig */,
				56E31CFFB54B69DCB0C14110 /* Pods-apollo-testUITests.release.xcconfig */,
			);
			name = Pods;
			sourceTree = "<group>";
		};
		513325D57BF678380A9F608B /* Frameworks */ = {
			isa = PBXGroup;
			children = (
				CED0B2F96BC9FD6B264B037E /* Pods_apollo_test.framework */,
				261F030BE3CDFD39C823CAA3 /* Pods_apollo_testTests.framework */,
				CD7AEF9DE2B59D2A2E3884FF /* Pods_apollo_testUITests.framework */,
			);
			name = Frameworks;
			sourceTree = "<group>";
		};
		ACB429E7215CBBE30051D19E = {
			isa = PBXGroup;
			children = (
				ACB429F2215CBBE30051D19E /* apollo-test */,
				ACB42A07215CBBE40051D19E /* apollo-testTests */,
				ACB42A12215CBBE40051D19E /* apollo-testUITests */,
				ACB429F1215CBBE30051D19E /* Products */,
				32E8FAB10D0D0ED3F66FB73C /* Pods */,
				513325D57BF678380A9F608B /* Frameworks */,
			);
			sourceTree = "<group>";
		};
		ACB429F1215CBBE30051D19E /* Products */ = {
			isa = PBXGroup;
			children = (
				ACB429F0215CBBE30051D19E /* apollo-test.app */,
				ACB42A04215CBBE40051D19E /* apollo-testTests.xctest */,
				ACB42A0F215CBBE40051D19E /* apollo-testUITests.xctest */,
			);
			name = Products;
			sourceTree = "<group>";
		};
		ACB429F2215CBBE30051D19E /* apollo-test */ = {
			isa = PBXGroup;
			children = (
				ACB429F3215CBBE30051D19E /* AppDelegate.swift */,
				ACB429F5215CBBE30051D19E /* ViewController.swift */,
				ACB42A2B215CCA4F0051D19E /* ViewController.graphql */,
				ACB42A23215CBF7E0051D19E /* API.swift */,
				ACB429F7215CBBE30051D19E /* Main.storyboard */,
				ACB429FC215CBBE40051D19E /* LaunchScreen.storyboard */,
				ACB429FF215CBBE40051D19E /* Info.plist */,
				ACB42A29215CC8650051D19E /* schema.json */,
				ACB429FA215CBBE40051D19E /* Assets.xcassets */,
			);
			path = "apollo-test";
			sourceTree = "<group>";
		};
		ACB42A07215CBBE40051D19E /* apollo-testTests */ = {
			isa = PBXGroup;
			children = (
				ACB42A08215CBBE40051D19E /* apollo_testTests.swift */,
				ACB42A0A215CBBE40051D19E /* Info.plist */,
			);
			path = "apollo-testTests";
			sourceTree = "<group>";
		};
		ACB42A12215CBBE40051D19E /* apollo-testUITests */ = {
			isa = PBXGroup;
			children = (
				ACB42A13215CBBE40051D19E /* apollo_testUITests.swift */,
				ACB42A15215CBBE40051D19E /* Info.plist */,
			);
			path = "apollo-testUITests";
			sourceTree = "<group>";
		};
/* End PBXGroup section */

/* Begin PBXNativeTarget section */
		ACB429EF215CBBE30051D19E /* apollo-test */ = {
			isa = PBXNativeTarget;
			buildConfigurationList = ACB42A18215CBBE40051D19E /* Build configuration list for PBXNativeTarget "apollo-test" */;
			buildPhases = (
				54FB070690E6B4AF861EC3F7 /* [CP] Check Pods Manifest.lock */,
				ACB42A21215CBC800051D19E /* ShellScript */,
				ACB429EC215CBBE30051D19E /* Sources */,
				ACB429ED215CBBE30051D19E /* Frameworks */,
				ACB429EE215CBBE30051D19E /* Resources */,
				4D1D108FE7296D1336BE3A4E /* [CP] Embed Pods Frameworks */,
			);
			buildRules = (
			);
			dependencies = (
			);
			name = "apollo-test";
			productName = "apollo-test";
			productReference = ACB429F0215CBBE30051D19E /* apollo-test.app */;
			productType = "com.apple.product-type.application";
		};
		ACB42A03215CBBE40051D19E /* apollo-testTests */ = {
			isa = PBXNativeTarget;
			buildConfigurationList = ACB42A1B215CBBE40051D19E /* Build configuration list for PBXNativeTarget "apollo-testTests" */;
			buildPhases = (
				6C2A65BC2D28FB203695A546 /* [CP] Check Pods Manifest.lock */,
				ACB42A00215CBBE40051D19E /* Sources */,
				ACB42A01215CBBE40051D19E /* Frameworks */,
				ACB42A02215CBBE40051D19E /* Resources */,
			);
			buildRules = (
			);
			dependencies = (
				ACB42A06215CBBE40051D19E /* PBXTargetDependency */,
			);
			name = "apollo-testTests";
			productName = "apollo-testTests";
			productReference = ACB42A04215CBBE40051D19E /* apollo-testTests.xctest */;
			productType = "com.apple.product-type.bundle.unit-test";
		};
		ACB42A0E215CBBE40051D19E /* apollo-testUITests */ = {
			isa = PBXNativeTarget;
			buildConfigurationList = ACB42A1E215CBBE40051D19E /* Build configuration list for PBXNativeTarget "apollo-testUITests" */;
			buildPhases = (
				87FD1DE3A4A3C23A794C650A /* [CP] Check Pods Manifest.lock */,
				ACB42A0B215CBBE40051D19E /* Sources */,
				ACB42A0C215CBBE40051D19E /* Frameworks */,
				ACB42A0D215CBBE40051D19E /* Resources */,
			);
			buildRules = (
			);
			dependencies = (
				ACB42A11215CBBE40051D19E /* PBXTargetDependency */,
			);
			name = "apollo-testUITests";
			productName = "apollo-testUITests";
			productReference = ACB42A0F215CBBE40051D19E /* apollo-testUITests.xctest */;
			productType = "com.apple.product-type.bundle.ui-testing";
		};
/* End PBXNativeTarget section */

/* Begin PBXProject section */
		ACB429E8215CBBE30051D19E /* Project object */ = {
			isa = PBXProject;
			attributes = {
				LastSwiftUpdateCheck = 1000;
				LastUpgradeCheck = 1000;
				ORGANIZATIONNAME = TaikiFnit;
				TargetAttributes = {
					ACB429EF215CBBE30051D19E = {
						CreatedOnToolsVersion = 10.0;
					};
					ACB42A03215CBBE40051D19E = {
						CreatedOnToolsVersion = 10.0;
						TestTargetID = ACB429EF215CBBE30051D19E;
					};
					ACB42A0E215CBBE40051D19E = {
						CreatedOnToolsVersion = 10.0;
						TestTargetID = ACB429EF215CBBE30051D19E;
					};
				};
			};
			buildConfigurationList = ACB429EB215CBBE30051D19E /* Build configuration list for PBXProject "apollo-test" */;
			compatibilityVersion = "Xcode 9.3";
			developmentRegion = en;
			hasScannedForEncodings = 0;
			knownRegions = (
				en,
				Base,
			);
			mainGroup = ACB429E7215CBBE30051D19E;
			productRefGroup = ACB429F1215CBBE30051D19E /* Products */;
			projectDirPath = "";
			projectRoot = "";
			targets = (
				ACB429EF215CBBE30051D19E /* apollo-test */,
				ACB42A03215CBBE40051D19E /* apollo-testTests */,
				ACB42A0E215CBBE40051D19E /* apollo-testUITests */,
			);
		};
/* End PBXProject section */

/* Begin PBXResourcesBuildPhase section */
		ACB429EE215CBBE30051D19E /* Resources */ = {
			isa = PBXResourcesBuildPhase;
			buildActionMask = 2147483647;
			files = (
				ACB42A2A215CC8650051D19E /* schema.json in Resources */,
				ACB429FE215CBBE40051D19E /* LaunchScreen.storyboard in Resources */,
				ACB429FB215CBBE40051D19E /* Assets.xcassets in Resources */,
				ACB429F9215CBBE30051D19E /* Main.storyboard in Resources */,
				ACB42A2C215CCA4F0051D19E /* ViewController.graphql in Resources */,
			);
			runOnlyForDeploymentPostprocessing = 0;
		};
		ACB42A02215CBBE40051D19E /* Resources */ = {
			isa = PBXResourcesBuildPhase;
			buildActionMask = 2147483647;
			files = (
			);
			runOnlyForDeploymentPostprocessing = 0;
		};
		ACB42A0D215CBBE40051D19E /* Resources */ = {
			isa = PBXResourcesBuildPhase;
			buildActionMask = 2147483647;
			files = (
			);
			runOnlyForDeploymentPostprocessing = 0;
		};
/* End PBXResourcesBuildPhase section */

/* Begin PBXShellScriptBuildPhase section */
		4D1D108FE7296D1336BE3A4E /* [CP] Embed Pods Frameworks */ = {
			isa = PBXShellScriptBuildPhase;
			buildActionMask = 2147483647;
			files = (
			);
			inputPaths = (
				"${SRCROOT}/Pods/Target Support Files/Pods-apollo-test/Pods-apollo-test-frameworks.sh",
				"${BUILT_PRODUCTS_DIR}/Apollo/Apollo.framework",
			);
			name = "[CP] Embed Pods Frameworks";
			outputPaths = (
				"${TARGET_BUILD_DIR}/${FRAMEWORKS_FOLDER_PATH}/Apollo.framework",
			);
			runOnlyForDeploymentPostprocessing = 0;
			shellPath = /bin/sh;
			shellScript = "\"${SRCROOT}/Pods/Target Support Files/Pods-apollo-test/Pods-apollo-test-frameworks.sh\"\n";
			showEnvVarsInLog = 0;
		};
		54FB070690E6B4AF861EC3F7 /* [CP] Check Pods Manifest.lock */ = {
			isa = PBXShellScriptBuildPhase;
			buildActionMask = 2147483647;
			files = (
			);
			inputPaths = (
				"${PODS_PODFILE_DIR_PATH}/Podfile.lock",
				"${PODS_ROOT}/Manifest.lock",
			);
			name = "[CP] Check Pods Manifest.lock";
			outputPaths = (
				"$(DERIVED_FILE_DIR)/Pods-apollo-test-checkManifestLockResult.txt",
			);
			runOnlyForDeploymentPostprocessing = 0;
			shellPath = /bin/sh;
			shellScript = "diff \"${PODS_PODFILE_DIR_PATH}/Podfile.lock\" \"${PODS_ROOT}/Manifest.lock\" > /dev/null\nif [ $? != 0 ] ; then\n    # print error to STDERR\n    echo \"error: The sandbox is not in sync with the Podfile.lock. Run 'pod install' or update your CocoaPods installation.\" >&2\n    exit 1\nfi\n# This output is used by Xcode 'outputs' to avoid re-running this script phase.\necho \"SUCCESS\" > \"${SCRIPT_OUTPUT_FILE_0}\"\n";
			showEnvVarsInLog = 0;
		};
		6C2A65BC2D28FB203695A546 /* [CP] Check Pods Manifest.lock */ = {
			isa = PBXShellScriptBuildPhase;
			buildActionMask = 2147483647;
			files = (
			);
			inputPaths = (
				"${PODS_PODFILE_DIR_PATH}/Podfile.lock",
				"${PODS_ROOT}/Manifest.lock",
			);
			name = "[CP] Check Pods Manifest.lock";
			outputPaths = (
				"$(DERIVED_FILE_DIR)/Pods-apollo-testTests-checkManifestLockResult.txt",
			);
			runOnlyForDeploymentPostprocessing = 0;
			shellPath = /bin/sh;
			shellScript = "diff \"${PODS_PODFILE_DIR_PATH}/Podfile.lock\" \"${PODS_ROOT}/Manifest.lock\" > /dev/null\nif [ $? != 0 ] ; then\n    # print error to STDERR\n    echo \"error: The sandbox is not in sync with the Podfile.lock. Run 'pod install' or update your CocoaPods installation.\" >&2\n    exit 1\nfi\n# This output is used by Xcode 'outputs' to avoid re-running this script phase.\necho \"SUCCESS\" > \"${SCRIPT_OUTPUT_FILE_0}\"\n";
			showEnvVarsInLog = 0;
		};
		87FD1DE3A4A3C23A794C650A /* [CP] Check Pods Manifest.lock */ = {
			isa = PBXShellScriptBuildPhase;
			buildActionMask = 2147483647;
			files = (
			);
			inputPaths = (
				"${PODS_PODFILE_DIR_PATH}/Podfile.lock",
				"${PODS_ROOT}/Manifest.lock",
			);
			name = "[CP] Check Pods Manifest.lock";
			outputPaths = (
				"$(DERIVED_FILE_DIR)/Pods-apollo-testUITests-checkManifestLockResult.txt",
			);
			runOnlyForDeploymentPostprocessing = 0;
			shellPath = /bin/sh;
			shellScript = "diff \"${PODS_PODFILE_DIR_PATH}/Podfile.lock\" \"${PODS_ROOT}/Manifest.lock\" > /dev/null\nif [ $? != 0 ] ; then\n    # print error to STDERR\n    echo \"error: The sandbox is not in sync with the Podfile.lock. Run 'pod install' or update your CocoaPods installation.\" >&2\n    exit 1\nfi\n# This output is used by Xcode 'outputs' to avoid re-running this script phase.\necho \"SUCCESS\" > \"${SCRIPT_OUTPUT_FILE_0}\"\n";
			showEnvVarsInLog = 0;
		};
		ACB42A21215CBC800051D19E /* ShellScript */ = {
			isa = PBXShellScriptBuildPhase;
			buildActionMask = 2147483647;
			files = (
			);
			inputFileListPaths = (
			);
			inputPaths = (
			);
			outputFileListPaths = (
			);
			outputPaths = (
			);
			runOnlyForDeploymentPostprocessing = 0;
			shellPath = /bin/sh;
			shellScript = "APOLLO_FRAMEWORK_PATH=\"$(eval find $FRAMEWORK_SEARCH_PATHS -name \"Apollo.framework\" -maxdepth 1)\"\n\nif [ -z \"$APOLLO_FRAMEWORK_PATH\" ]; then\necho \"error: Couldn't find Apollo.framework in FRAMEWORK_SEARCH_PATHS; make sure to add the framework to your project.\"\nexit 1\nfi\n\ncd \"${SRCROOT}/${TARGET_NAME}\"\n$APOLLO_FRAMEWORK_PATH/check-and-run-apollo-cli.sh codegen:generate --queries=\"$(find . -name '*.graphql')\" --schema=schema.json API.swift\n";
		};
/* End PBXShellScriptBuildPhase section */

/* Begin PBXSourcesBuildPhase section */
		ACB429EC215CBBE30051D19E /* Sources */ = {
			isa = PBXSourcesBuildPhase;
			buildActionMask = 2147483647;
			files = (
				ACB429F6215CBBE30051D19E /* ViewController.swift in Sources */,
				ACB42A24215CBF7E0051D19E /* API.swift in Sources */,
				ACB429F4215CBBE30051D19E /* AppDelegate.swift in Sources */,
			);
			runOnlyForDeploymentPostprocessing = 0;
		};
		ACB42A00215CBBE40051D19E /* Sources */ = {
			isa = PBXSourcesBuildPhase;
			buildActionMask = 2147483647;
			files = (
				ACB42A09215CBBE40051D19E /* apollo_testTests.swift in Sources */,
			);
			runOnlyForDeploymentPostprocessing = 0;
		};
		ACB42A0B215CBBE40051D19E /* Sources */ = {
			isa = PBXSourcesBuildPhase;
			buildActionMask = 2147483647;
			files = (
				ACB42A14215CBBE40051D19E /* apollo_testUITests.swift in Sources */,
			);
			runOnlyForDeploymentPostprocessing = 0;
		};
/* End PBXSourcesBuildPhase section */

/* Begin PBXTargetDependency section */
		ACB42A06215CBBE40051D19E /* PBXTargetDependency */ = {
			isa = PBXTargetDependency;
			target = ACB429EF215CBBE30051D19E /* apollo-test */;
			targetProxy = ACB42A05215CBBE40051D19E /* PBXContainerItemProxy */;
		};
		ACB42A11215CBBE40051D19E /* PBXTargetDependency */ = {
			isa = PBXTargetDependency;
			target = ACB429EF215CBBE30051D19E /* apollo-test */;
			targetProxy = ACB42A10215CBBE40051D19E /* PBXContainerItemProxy */;
		};
/* End PBXTargetDependency section */

/* Begin PBXVariantGroup section */
		ACB429F7215CBBE30051D19E /* Main.storyboard */ = {
			isa = PBXVariantGroup;
			children = (
				ACB429F8215CBBE30051D19E /* Base */,
			);
			name = Main.storyboard;
			sourceTree = "<group>";
		};
		ACB429FC215CBBE40051D19E /* LaunchScreen.storyboard */ = {
			isa = PBXVariantGroup;
			children = (
				ACB429FD215CBBE40051D19E /* Base */,
			);
			name = LaunchScreen.storyboard;
			sourceTree = "<group>";
		};
/* End PBXVariantGroup section */

/* Begin XCBuildConfiguration section */
		ACB42A16215CBBE40051D19E /* Debug */ = {
			isa = XCBuildConfiguration;
			buildSettings = {
				ALWAYS_SEARCH_USER_PATHS = NO;
				CLANG_ANALYZER_NONNULL = YES;
				CLANG_ANALYZER_NUMBER_OBJECT_CONVERSION = YES_AGGRESSIVE;
				CLANG_CXX_LANGUAGE_STANDARD = "gnu++14";
				CLANG_CXX_LIBRARY = "libc++";
				CLANG_ENABLE_MODULES = YES;
				CLANG_ENABLE_OBJC_ARC = YES;
				CLANG_ENABLE_OBJC_WEAK = YES;
				CLANG_WARN_BLOCK_CAPTURE_AUTORELEASING = YES;
				CLANG_WARN_BOOL_CONVERSION = YES;
				CLANG_WARN_COMMA = YES;
				CLANG_WARN_CONSTANT_CONVERSION = YES;
				CLANG_WARN_DEPRECATED_OBJC_IMPLEMENTATIONS = YES;
				CLANG_WARN_DIRECT_OBJC_ISA_USAGE = YES_ERROR;
				CLANG_WARN_DOCUMENTATION_COMMENTS = YES;
				CLANG_WARN_EMPTY_BODY = YES;
				CLANG_WARN_ENUM_CONVERSION = YES;
				CLANG_WARN_INFINITE_RECURSION = YES;
				CLANG_WARN_INT_CONVERSION = YES;
				CLANG_WARN_NON_LITERAL_NULL_CONVERSION = YES;
				CLANG_WARN_OBJC_IMPLICIT_RETAIN_SELF = YES;
				CLANG_WARN_OBJC_LITERAL_CONVERSION = YES;
				CLANG_WARN_OBJC_ROOT_CLASS = YES_ERROR;
				CLANG_WARN_RANGE_LOOP_ANALYSIS = YES;
				CLANG_WARN_STRICT_PROTOTYPES = YES;
				CLANG_WARN_SUSPICIOUS_MOVE = YES;
				CLANG_WARN_UNGUARDED_AVAILABILITY = YES_AGGRESSIVE;
				CLANG_WARN_UNREACHABLE_CODE = YES;
				CLANG_WARN__DUPLICATE_METHOD_MATCH = YES;
				CODE_SIGN_IDENTITY = "iPhone Developer";
				COPY_PHASE_STRIP = NO;
				DEBUG_INFORMATION_FORMAT = dwarf;
				ENABLE_STRICT_OBJC_MSGSEND = YES;
				ENABLE_TESTABILITY = YES;
				GCC_C_LANGUAGE_STANDARD = gnu11;
				GCC_DYNAMIC_NO_PIC = NO;
				GCC_NO_COMMON_BLOCKS = YES;
				GCC_OPTIMIZATION_LEVEL = 0;
				GCC_PREPROCESSOR_DEFINITIONS = (
					"DEBUG=1",
					"$(inherited)",
				);
				GCC_WARN_64_TO_32_BIT_CONVERSION = YES;
				GCC_WARN_ABOUT_RETURN_TYPE = YES_ERROR;
				GCC_WARN_UNDECLARED_SELECTOR = YES;
				GCC_WARN_UNINITIALIZED_AUTOS = YES_AGGRESSIVE;
				GCC_WARN_UNUSED_FUNCTION = YES;
				GCC_WARN_UNUSED_VARIABLE = YES;
				IPHONEOS_DEPLOYMENT_TARGET = 12.0;
				MTL_ENABLE_DEBUG_INFO = INCLUDE_SOURCE;
				MTL_FAST_MATH = YES;
				ONLY_ACTIVE_ARCH = YES;
				SDKROOT = iphoneos;
				SWIFT_ACTIVE_COMPILATION_CONDITIONS = DEBUG;
				SWIFT_OPTIMIZATION_LEVEL = "-Onone";
			};
			name = Debug;
		};
		ACB42A17215CBBE40051D19E /* Release */ = {
			isa = XCBuildConfiguration;
			buildSettings = {
				ALWAYS_SEARCH_USER_PATHS = NO;
				CLANG_ANALYZER_NONNULL = YES;
				CLANG_ANALYZER_NUMBER_OBJECT_CONVERSION = YES_AGGRESSIVE;
				CLANG_CXX_LANGUAGE_STANDARD = "gnu++14";
				CLANG_CXX_LIBRARY = "libc++";
				CLANG_ENABLE_MODULES = YES;
				CLANG_ENABLE_OBJC_ARC = YES;
				CLANG_ENABLE_OBJC_WEAK = YES;
				CLANG_WARN_BLOCK_CAPTURE_AUTORELEASING = YES;
				CLANG_WARN_BOOL_CONVERSION = YES;
				CLANG_WARN_COMMA = YES;
				CLANG_WARN_CONSTANT_CONVERSION = YES;
				CLANG_WARN_DEPRECATED_OBJC_IMPLEMENTATIONS = YES;
				CLANG_WARN_DIRECT_OBJC_ISA_USAGE = YES_ERROR;
				CLANG_WARN_DOCUMENTATION_COMMENTS = YES;
				CLANG_WARN_EMPTY_BODY = YES;
				CLANG_WARN_ENUM_CONVERSION = YES;
				CLANG_WARN_INFINITE_RECURSION = YES;
				CLANG_WARN_INT_CONVERSION = YES;
				CLANG_WARN_NON_LITERAL_NULL_CONVERSION = YES;
				CLANG_WARN_OBJC_IMPLICIT_RETAIN_SELF = YES;
				CLANG_WARN_OBJC_LITERAL_CONVERSION = YES;
				CLANG_WARN_OBJC_ROOT_CLASS = YES_ERROR;
				CLANG_WARN_RANGE_LOOP_ANALYSIS = YES;
				CLANG_WARN_STRICT_PROTOTYPES = YES;
				CLANG_WARN_SUSPICIOUS_MOVE = YES;
				CLANG_WARN_UNGUARDED_AVAILABILITY = YES_AGGRESSIVE;
				CLANG_WARN_UNREACHABLE_CODE = YES;
				CLANG_WARN__DUPLICATE_METHOD_MATCH = YES;
				CODE_SIGN_IDENTITY = "iPhone Developer";
				COPY_PHASE_STRIP = NO;
				DEBUG_INFORMATION_FORMAT = "dwarf-with-dsym";
				ENABLE_NS_ASSERTIONS = NO;
				ENABLE_STRICT_OBJC_MSGSEND = YES;
				GCC_C_LANGUAGE_STANDARD = gnu11;
				GCC_NO_COMMON_BLOCKS = YES;
				GCC_WARN_64_TO_32_BIT_CONVERSION = YES;
				GCC_WARN_ABOUT_RETURN_TYPE = YES_ERROR;
				GCC_WARN_UNDECLARED_SELECTOR = YES;
				GCC_WARN_UNINITIALIZED_AUTOS = YES_AGGRESSIVE;
				GCC_WARN_UNUSED_FUNCTION = YES;
				GCC_WARN_UNUSED_VARIABLE = YES;
				IPHONEOS_DEPLOYMENT_TARGET = 12.0;
				MTL_ENABLE_DEBUG_INFO = NO;
				MTL_FAST_MATH = YES;
				SDKROOT = iphoneos;
				SWIFT_COMPILATION_MODE = wholemodule;
				SWIFT_OPTIMIZATION_LEVEL = "-O";
				VALIDATE_PRODUCT = YES;
			};
			name = Release;
		};
		ACB42A19215CBBE40051D19E /* Debug */ = {
			isa = XCBuildConfiguration;
			baseConfigurationReference = 36BEADB55D1062E298E40FB4 /* Pods-apollo-test.debug.xcconfig */;
			buildSettings = {
				ASSETCATALOG_COMPILER_APPICON_NAME = AppIcon;
				CODE_SIGN_STYLE = Automatic;
				INFOPLIST_FILE = "apollo-test/Info.plist";
				LD_RUNPATH_SEARCH_PATHS = (
					"$(inherited)",
					"@executable_path/Frameworks",
				);
				PRODUCT_BUNDLE_IDENTIFIER = "taikifnit.apollo-test";
				PRODUCT_NAME = "$(TARGET_NAME)";
				SWIFT_VERSION = 4.2;
				TARGETED_DEVICE_FAMILY = "1,2";
			};
			name = Debug;
		};
		ACB42A1A215CBBE40051D19E /* Release */ = {
			isa = XCBuildConfiguration;
			baseConfigurationReference = 726802644CE24C9F15743243 /* Pods-apollo-test.release.xcconfig */;
			buildSettings = {
				ASSETCATALOG_COMPILER_APPICON_NAME = AppIcon;
				CODE_SIGN_STYLE = Automatic;
				INFOPLIST_FILE = "apollo-test/Info.plist";
				LD_RUNPATH_SEARCH_PATHS = (
					"$(inherited)",
					"@executable_path/Frameworks",
				);
				PRODUCT_BUNDLE_IDENTIFIER = "taikifnit.apollo-test";
				PRODUCT_NAME = "$(TARGET_NAME)";
				SWIFT_VERSION = 4.2;
				TARGETED_DEVICE_FAMILY = "1,2";
			};
			name = Release;
		};
		ACB42A1C215CBBE40051D19E /* Debug */ = {
			isa = XCBuildConfiguration;
			baseConfigurationReference = 7F77D4B7F315A90073FA50D9 /* Pods-apollo-testTests.debug.xcconfig */;
			buildSettings = {
				ALWAYS_EMBED_SWIFT_STANDARD_LIBRARIES = YES;
				BUNDLE_LOADER = "$(TEST_HOST)";
				CODE_SIGN_STYLE = Automatic;
				INFOPLIST_FILE = "apollo-testTests/Info.plist";
				LD_RUNPATH_SEARCH_PATHS = (
					"$(inherited)",
					"@executable_path/Frameworks",
					"@loader_path/Frameworks",
				);
				PRODUCT_BUNDLE_IDENTIFIER = "taikifnit.apollo-testTests";
				PRODUCT_NAME = "$(TARGET_NAME)";
				SWIFT_VERSION = 4.2;
				TARGETED_DEVICE_FAMILY = "1,2";
				TEST_HOST = "$(BUILT_PRODUCTS_DIR)/apollo-test.app/apollo-test";
			};
			name = Debug;
		};
		ACB42A1D215CBBE40051D19E /* Release */ = {
			isa = XCBuildConfiguration;
			baseConfigurationReference = 0E670D9C8D92DD6EEF5C3312 /* Pods-apollo-testTests.release.xcconfig */;
			buildSettings = {
				ALWAYS_EMBED_SWIFT_STANDARD_LIBRARIES = YES;
				BUNDLE_LOADER = "$(TEST_HOST)";
				CODE_SIGN_STYLE = Automatic;
				INFOPLIST_FILE = "apollo-testTests/Info.plist";
				LD_RUNPATH_SEARCH_PATHS = (
					"$(inherited)",
					"@executable_path/Frameworks",
					"@loader_path/Frameworks",
				);
				PRODUCT_BUNDLE_IDENTIFIER = "taikifnit.apollo-testTests";
				PRODUCT_NAME = "$(TARGET_NAME)";
				SWIFT_VERSION = 4.2;
				TARGETED_DEVICE_FAMILY = "1,2";
				TEST_HOST = "$(BUILT_PRODUCTS_DIR)/apollo-test.app/apollo-test";
			};
			name = Release;
		};
		ACB42A1F215CBBE40051D19E /* Debug */ = {
			isa = XCBuildConfiguration;
			baseConfigurationReference = A796F0C5B227E0FCC361A392 /* Pods-apollo-testUITests.debug.xcconfig */;
			buildSettings = {
				ALWAYS_EMBED_SWIFT_STANDARD_LIBRARIES = YES;
				CODE_SIGN_STYLE = Automatic;
				INFOPLIST_FILE = "apollo-testUITests/Info.plist";
				LD_RUNPATH_SEARCH_PATHS = (
					"$(inherited)",
					"@executable_path/Frameworks",
					"@loader_path/Frameworks",
				);
				PRODUCT_BUNDLE_IDENTIFIER = "taikifnit.apollo-testUITests";
				PRODUCT_NAME = "$(TARGET_NAME)";
				SWIFT_VERSION = 4.2;
				TARGETED_DEVICE_FAMILY = "1,2";
				TEST_TARGET_NAME = "apollo-test";
			};
			name = Debug;
		};
		ACB42A20215CBBE40051D19E /* Release */ = {
			isa = XCBuildConfiguration;
			baseConfigurationReference = 56E31CFFB54B69DCB0C14110 /* Pods-apollo-testUITests.release.xcconfig */;
			buildSettings = {
				ALWAYS_EMBED_SWIFT_STANDARD_LIBRARIES = YES;
				CODE_SIGN_STYLE = Automatic;
				INFOPLIST_FILE = "apollo-testUITests/Info.plist";
				LD_RUNPATH_SEARCH_PATHS = (
					"$(inherited)",
					"@executable_path/Frameworks",
					"@loader_path/Frameworks",
				);
				PRODUCT_BUNDLE_IDENTIFIER = "taikifnit.apollo-testUITests";
				PRODUCT_NAME = "$(TARGET_NAME)";
				SWIFT_VERSION = 4.2;
				TARGETED_DEVICE_FAMILY = "1,2";
				TEST_TARGET_NAME = "apollo-test";
			};
			name = Release;
		};
/* End XCBuildConfiguration section */

/* Begin XCConfigurationList section */
		ACB429EB215CBBE30051D19E /* Build configuration list for PBXProject "apollo-test" */ = {
			isa = XCConfigurationList;
			buildConfigurations = (
				ACB42A16215CBBE40051D19E /* Debug */,
				ACB42A17215CBBE40051D19E /* Release */,
			);
			defaultConfigurationIsVisible = 0;
			defaultConfigurationName = Release;
		};
		ACB42A18215CBBE40051D19E /* Build configuration list for PBXNativeTarget "apollo-test" */ = {
			isa = XCConfigurationList;
			buildConfigurations = (
				ACB42A19215CBBE40051D19E /* Debug */,
				ACB42A1A215CBBE40051D19E /* Release */,
			);
			defaultConfigurationIsVisible = 0;
			defaultConfigurationName = Release;
		};
		ACB42A1B215CBBE40051D19E /* Build configuration list for PBXNativeTarget "apollo-testTests" */ = {
			isa = XCConfigurationList;
			buildConfigurations = (
				ACB42A1C215CBBE40051D19E /* Debug */,
				ACB42A1D215CBBE40051D19E /* Release */,
			);
			defaultConfigurationIsVisible = 0;
			defaultConfigurationName = Release;
		};
		ACB42A1E215CBBE40051D19E /* Build configuration list for PBXNativeTarget "apollo-testUITests" */ = {
			isa = XCConfigurationList;
			buildConfigurations = (
				ACB42A1F215CBBE40051D19E /* Debug */,
				ACB42A20215CBBE40051D19E /* Release */,
			);
			defaultConfigurationIsVisible = 0;
			defaultConfigurationName = Release;
		};
/* End XCConfigurationList section */
	};
	rootObject = ACB429E8215CBBE30051D19E /* Project object */;
}
